
Microsoft Visual Studio Solution File, Format Version 12.00
# Visual Studio Version 16
VisualStudioVersion = 16.0.30907.101
MinimumVisualStudioVersion = 10.0.40219.1
Project("{FAE04EC0-301F-11D3-BF4B-00C04F79EFBC}") = "GetCep", "GetCep\GetCep.csproj", "{197A3950-A1D1-48B8-B153-DA7CE5EBF009}"
EndProject
Global
	GlobalSection(SolutionConfigurationPlatforms) = preSolution
		Debug|Any CPU = Debug|Any CPU
		Release|Any CPU = Release|Any CPU
	EndGlobalSection
	GlobalSection(ProjectConfigurationPlatforms) = postSolution
		{197A3950-A1D1-48B8-B153-DA7CE5EBF009}.Debug|Any CPU.ActiveCfg = Debug|Any CPU
		{197A3950-A1D1-48B8-B153-DA7CE5EBF009}.Debug|Any CPU.Build.0 = Debug|Any CPU
		{197A3950-A1D1-48B8-B153-DA7CE5EBF009}.Release|Any CPU.ActiveCfg = Release|Any CPU
		{197A3950-A1D1-48B8-B153-DA7CE5EBF009}.Release|Any CPU.Build.0 = Release|Any CPU
	EndGlobalSection
	GlobalSection(SolutionProperties) = preSolution
		HideSolutionNode = FALSE
	EndGlobalSection
	GlobalSection(ExtensibilityGlobals) = postSolution
		SolutionGuid = {A3B0BCF1-EEBC-42B4-A5EE-E80B337F74F5}
	EndGlobalSection
EndGlobal
