
Microsoft Visual Studio Solution File, Format Version 12.00
# Visual Studio Version 16
VisualStudioVersion = 16.0.30503.244
MinimumVisualStudioVersion = 10.0.40219.1
Project("{FAE04EC0-301F-11D3-BF4B-00C04F79EFBC}") = "DetalhesAtivo.Android", "DetalhesAtivo\DetalhesAtivo.Android\DetalhesAtivo.Android.csproj", "{DCA97392-AF15-4FF5-B513-CF3AEFC1E0E6}"
EndProject
Project("{FAE04EC0-301F-11D3-BF4B-00C04F79EFBC}") = "DetalhesAtivo.iOS", "DetalhesAtivo\DetalhesAtivo.iOS\DetalhesAtivo.iOS.csproj", "{41A1BF03-B257-4DB2-A9BE-CA5A29B656A9}"
EndProject
Project("{FAE04EC0-301F-11D3-BF4B-00C04F79EFBC}") = "DetalhesAtivo", "DetalhesAtivo\DetalhesAtivo\DetalhesAtivo.csproj", "{881822AB-4C6C-4163-9C28-C73A86244D0E}"
EndProject
Global
	GlobalSection(SolutionConfigurationPlatforms) = preSolution
		Debug|Any CPU = Debug|Any CPU
		Debug|iPhone = Debug|iPhone
		Debug|iPhoneSimulator = Debug|iPhoneSimulator
		Release|Any CPU = Release|Any CPU
		Release|iPhone = Release|iPhone
		Release|iPhoneSimulator = Release|iPhoneSimulator
	EndGlobalSection
	GlobalSection(ProjectConfigurationPlatforms) = postSolution
		{DCA97392-AF15-4FF5-B513-CF3AEFC1E0E6}.Debug|Any CPU.ActiveCfg = Debug|Any CPU
		{DCA97392-AF15-4FF5-B513-CF3AEFC1E0E6}.Debug|Any CPU.Build.0 = Debug|Any CPU
		{DCA97392-AF15-4FF5-B513-CF3AEFC1E0E6}.Debug|Any CPU.Deploy.0 = Debug|Any CPU
		{DCA97392-AF15-4FF5-B513-CF3AEFC1E0E6}.Debug|iPhone.ActiveCfg = Debug|Any CPU
		{DCA97392-AF15-4FF5-B513-CF3AEFC1E0E6}.Debug|iPhone.Build.0 = Debug|Any CPU
		{DCA97392-AF15-4FF5-B513-CF3AEFC1E0E6}.Debug|iPhone.Deploy.0 = Debug|Any CPU
		{DCA97392-AF15-4FF5-B513-CF3AEFC1E0E6}.Debug|iPhoneSimulator.ActiveCfg = Debug|Any CPU
		{DCA97392-AF15-4FF5-B513-CF3AEFC1E0E6}.Debug|iPhoneSimulator.Build.0 = Debug|Any CPU
		{DCA97392-AF15-4FF5-B513-CF3AEFC1E0E6}.Debug|iPhoneSimulator.Deploy.0 = Debug|Any CPU
		{DCA97392-AF15-4FF5-B513-CF3AEFC1E0E6}.Release|Any CPU.ActiveCfg = Release|Any CPU
		{DCA97392-AF15-4FF5-B513-CF3AEFC1E0E6}.Release|Any CPU.Build.0 = Release|Any CPU
		{DCA97392-AF15-4FF5-B513-CF3AEFC1E0E6}.Release|Any CPU.Deploy.0 = Release|Any CPU
		{DCA97392-AF15-4FF5-B513-CF3AEFC1E0E6}.Release|iPhone.ActiveCfg = Release|Any CPU
		{DCA97392-AF15-4FF5-B513-CF3AEFC1E0E6}.Release|iPhone.Build.0 = Release|Any CPU
		{DCA97392-AF15-4FF5-B513-CF3AEFC1E0E6}.Release|iPhone.Deploy.0 = Release|Any CPU
		{DCA97392-AF15-4FF5-B513-CF3AEFC1E0E6}.Release|iPhoneSimulator.ActiveCfg = Release|Any CPU
		{DCA97392-AF15-4FF5-B513-CF3AEFC1E0E6}.Release|iPhoneSimulator.Build.0 = Release|Any CPU
		{DCA97392-AF15-4FF5-B513-CF3AEFC1E0E6}.Release|iPhoneSimulator.Deploy.0 = Release|Any CPU
		{41A1BF03-B257-4DB2-A9BE-CA5A29B656A9}.Debug|Any CPU.ActiveCfg = Debug|iPhone
		{41A1BF03-B257-4DB2-A9BE-CA5A29B656A9}.Debug|Any CPU.Build.0 = Debug|iPhone
		{41A1BF03-B257-4DB2-A9BE-CA5A29B656A9}.Debug|Any CPU.Deploy.0 = Debug|iPhone
		{41A1BF03-B257-4DB2-A9BE-CA5A29B656A9}.Debug|iPhone.ActiveCfg = Debug|iPhone
		{41A1BF03-B257-4DB2-A9BE-CA5A29B656A9}.Debug|iPhone.Build.0 = Debug|iPhone
		{41A1BF03-B257-4DB2-A9BE-CA5A29B656A9}.Debug|iPhone.Deploy.0 = Debug|iPhone
		{41A1BF03-B257-4DB2-A9BE-CA5A29B656A9}.Debug|iPhoneSimulator.ActiveCfg = Debug|iPhoneSimulator
		{41A1BF03-B257-4DB2-A9BE-CA5A29B656A9}.Debug|iPhoneSimulator.Build.0 = Debug|iPhoneSimulator
		{41A1BF03-B257-4DB2-A9BE-CA5A29B656A9}.Debug|iPhoneSimulator.Deploy.0 = Debug|iPhoneSimulator
		{41A1BF03-B257-4DB2-A9BE-CA5A29B656A9}.Release|Any CPU.ActiveCfg = Release|iPhoneSimulator
		{41A1BF03-B257-4DB2-A9BE-CA5A29B656A9}.Release|Any CPU.Build.0 = Release|iPhoneSimulator
		{41A1BF03-B257-4DB2-A9BE-CA5A29B656A9}.Release|Any CPU.Deploy.0 = Release|iPhoneSimulator
		{41A1BF03-B257-4DB2-A9BE-CA5A29B656A9}.Release|iPhone.ActiveCfg = Release|iPhone
		{41A1BF03-B257-4DB2-A9BE-CA5A29B656A9}.Release|iPhone.Build.0 = Release|iPhone
		{41A1BF03-B257-4DB2-A9BE-CA5A29B656A9}.Release|iPhone.Deploy.0 = Release|iPhone
		{41A1BF03-B257-4DB2-A9BE-CA5A29B656A9}.Release|iPhoneSimulator.ActiveCfg = Release|iPhoneSimulator
		{41A1BF03-B257-4DB2-A9BE-CA5A29B656A9}.Release|iPhoneSimulator.Build.0 = Release|iPhoneSimulator
		{41A1BF03-B257-4DB2-A9BE-CA5A29B656A9}.Release|iPhoneSimulator.Deploy.0 = Release|iPhoneSimulator
		{881822AB-4C6C-4163-9C28-C73A86244D0E}.Debug|Any CPU.ActiveCfg = Debug|Any CPU
		{881822AB-4C6C-4163-9C28-C73A86244D0E}.Debug|Any CPU.Build.0 = Debug|Any CPU
		{881822AB-4C6C-4163-9C28-C73A86244D0E}.Debug|Any CPU.Deploy.0 = Debug|Any CPU
		{881822AB-4C6C-4163-9C28-C73A86244D0E}.Debug|iPhone.ActiveCfg = Debug|Any CPU
		{881822AB-4C6C-4163-9C28-C73A86244D0E}.Debug|iPhone.Build.0 = Debug|Any CPU
		{881822AB-4C6C-4163-9C28-C73A86244D0E}.Debug|iPhone.Deploy.0 = Debug|Any CPU
		{881822AB-4C6C-4163-9C28-C73A86244D0E}.Debug|iPhoneSimulator.ActiveCfg = Debug|Any CPU
		{881822AB-4C6C-4163-9C28-C73A86244D0E}.Debug|iPhoneSimulator.Build.0 = Debug|Any CPU
		{881822AB-4C6C-4163-9C28-C73A86244D0E}.Debug|iPhoneSimulator.Deploy.0 = Debug|Any CPU
		{881822AB-4C6C-4163-9C28-C73A86244D0E}.Release|Any CPU.ActiveCfg = Release|Any CPU
		{881822AB-4C6C-4163-9C28-C73A86244D0E}.Release|Any CPU.Build.0 = Release|Any CPU
		{881822AB-4C6C-4163-9C28-C73A86244D0E}.Release|Any CPU.Deploy.0 = Release|Any CPU
		{881822AB-4C6C-4163-9C28-C73A86244D0E}.Release|iPhone.ActiveCfg = Release|Any CPU
		{881822AB-4C6C-4163-9C28-C73A86244D0E}.Release|iPhone.Build.0 = Release|Any CPU
		{881822AB-4C6C-4163-9C28-C73A86244D0E}.Release|iPhone.Deploy.0 = Release|Any CPU
		{881822AB-4C6C-4163-9C28-C73A86244D0E}.Release|iPhoneSimulator.ActiveCfg = Release|Any CPU
		{881822AB-4C6C-4163-9C28-C73A86244D0E}.Release|iPhoneSimulator.Build.0 = Release|Any CPU
		{881822AB-4C6C-4163-9C28-C73A86244D0E}.Release|iPhoneSimulator.Deploy.0 = Release|Any CPU
	EndGlobalSection
	GlobalSection(SolutionProperties) = preSolution
		HideSolutionNode = FALSE
	EndGlobalSection
	GlobalSection(ExtensibilityGlobals) = postSolution
		SolutionGuid = {BE7A6E50-BF0A-4324-99D4-E1D2E42E0500}
	EndGlobalSection
EndGlobal
